
Microsoft Visual Studio Solution File, Format Version 12.00
# Visual Studio Version 17
VisualStudioVersion = 17.14.36908.2 d17.14
MinimumVisualStudioVersion = 10.0.40219.1
Project("{FAE04EC0-301F-11D3-BF4B-00C04F79EFBC}") = "Edukate-simulation-AzMPA201", "Edukate-simulation-AzMPA201\Edukate-simulation-AzMPA201.csproj", "{EE22B573-A0FE-45A8-A067-AB1F75706F79}"
EndProject
Global
	GlobalSection(SolutionConfigurationPlatforms) = preSolution
		Debug|Any CPU = Debug|Any CPU
		Release|Any CPU = Release|Any CPU
	EndGlobalSection
	GlobalSection(ProjectConfigurationPlatforms) = postSolution
		{EE22B573-A0FE-45A8-A067-AB1F75706F79}.Debug|Any CPU.ActiveCfg = Debug|Any CPU
		{EE22B573-A0FE-45A8-A067-AB1F75706F79}.Debug|Any CPU.Build.0 = Debug|Any CPU
		{EE22B573-A0FE-45A8-A067-AB1F75706F79}.Release|Any CPU.ActiveCfg = Release|Any CPU
		{EE22B573-A0FE-45A8-A067-AB1F75706F79}.Release|Any CPU.Build.0 = Release|Any CPU
	EndGlobalSection
	GlobalSection(SolutionProperties) = preSolution
		HideSolutionNode = FALSE
	EndGlobalSection
	GlobalSection(ExtensibilityGlobals) = postSolution
		SolutionGuid = {BAF7B5C7-2C4F-4D54-AFCB-90E5B5707EDE}
	EndGlobalSection
EndGlobal
